
Microsoft Visual Studio Solution File, Format Version 12.00
# Visual Studio Version 16
VisualStudioVersion = 16.0.32630.194
MinimumVisualStudioVersion = 10.0.40219.1
Project("{8BC9CEB8-8B4A-11D0-8D11-00A0C91BC942}") = "Q_1000", "Q_1000.vcxproj", "{4808E44E-AE8F-43F0-A32E-68DE0FEDD0B6}"
EndProject
Project("{2150E333-8FDC-42A3-9474-1A3956D46DE8}") = "Q_1001", "Q_1001", "{18C74EE3-C4F0-4242-A840-88C25C416B9C}"
EndProject
Project("{8BC9CEB8-8B4A-11D0-8D11-00A0C91BC942}") = "Q_1001", "..\Q_1001\Q_1001.vcxproj", "{FA602E13-E865-461B-92F9-BDE508AABAC5}"
EndProject
Project("{2150E333-8FDC-42A3-9474-1A3956D46DE8}") = "Q_1002", "Q_1002", "{76265B3E-D45C-4276-A8B1-DB08D02A3440}"
EndProject
Project("{8BC9CEB8-8B4A-11D0-8D11-00A0C91BC942}") = "Q_1002", "..\Q_1002\Q_1002.vcxproj", "{8FF7199F-564A-4469-85E1-510E334382C5}"
EndProject
Project("{2150E333-8FDC-42A3-9474-1A3956D46DE8}") = "Q_1003", "Q_1003", "{7BEA418D-0E92-4399-93E3-A00D85A36753}"
EndProject
Project("{8BC9CEB8-8B4A-11D0-8D11-00A0C91BC942}") = "Q_1003", "..\Q_1003\Q_1003.vcxproj", "{C9C4F0B9-A710-434B-9819-B5F80FA82D4F}"
EndProject
Global
	GlobalSection(SolutionConfigurationPlatforms) = preSolution
		Debug|x64 = Debug|x64
		Debug|x86 = Debug|x86
		Release|x64 = Release|x64
		Release|x86 = Release|x86
	EndGlobalSection
	GlobalSection(ProjectConfigurationPlatforms) = postSolution
		{4808E44E-AE8F-43F0-A32E-68DE0FEDD0B6}.Debug|x64.ActiveCfg = Debug|x64
		{4808E44E-AE8F-43F0-A32E-68DE0FEDD0B6}.Debug|x64.Build.0 = Debug|x64
		{4808E44E-AE8F-43F0-A32E-68DE0FEDD0B6}.Debug|x86.ActiveCfg = Debug|Win32
		{4808E44E-AE8F-43F0-A32E-68DE0FEDD0B6}.Debug|x86.Build.0 = Debug|Win32
		{4808E44E-AE8F-43F0-A32E-68DE0FEDD0B6}.Release|x64.ActiveCfg = Release|x64
		{4808E44E-AE8F-43F0-A32E-68DE0FEDD0B6}.Release|x64.Build.0 = Release|x64
		{4808E44E-AE8F-43F0-A32E-68DE0FEDD0B6}.Release|x86.ActiveCfg = Release|Win32
		{4808E44E-AE8F-43F0-A32E-68DE0FEDD0B6}.Release|x86.Build.0 = Release|Win32
		{FA602E13-E865-461B-92F9-BDE508AABAC5}.Debug|x64.ActiveCfg = Debug|x64
		{FA602E13-E865-461B-92F9-BDE508AABAC5}.Debug|x64.Build.0 = Debug|x64
		{FA602E13-E865-461B-92F9-BDE508AABAC5}.Debug|x86.ActiveCfg = Debug|Win32
		{FA602E13-E865-461B-92F9-BDE508AABAC5}.Debug|x86.Build.0 = Debug|Win32
		{FA602E13-E865-461B-92F9-BDE508AABAC5}.Release|x64.ActiveCfg = Release|x64
		{FA602E13-E865-461B-92F9-BDE508AABAC5}.Release|x64.Build.0 = Release|x64
		{FA602E13-E865-461B-92F9-BDE508AABAC5}.Release|x86.ActiveCfg = Release|Win32
		{FA602E13-E865-461B-92F9-BDE508AABAC5}.Release|x86.Build.0 = Release|Win32
		{8FF7199F-564A-4469-85E1-510E334382C5}.Debug|x64.ActiveCfg = Debug|x64
		{8FF7199F-564A-4469-85E1-510E334382C5}.Debug|x64.Build.0 = Debug|x64
		{8FF7199F-564A-4469-85E1-510E334382C5}.Debug|x86.ActiveCfg = Debug|Win32
		{8FF7199F-564A-4469-85E1-510E334382C5}.Debug|x86.Build.0 = Debug|Win32
		{8FF7199F-564A-4469-85E1-510E334382C5}.Release|x64.ActiveCfg = Release|x64
		{8FF7199F-564A-4469-85E1-510E334382C5}.Release|x64.Build.0 = Release|x64
		{8FF7199F-564A-4469-85E1-510E334382C5}.Release|x86.ActiveCfg = Release|Win32
		{8FF7199F-564A-4469-85E1-510E334382C5}.Release|x86.Build.0 = Release|Win32
		{C9C4F0B9-A710-434B-9819-B5F80FA82D4F}.Debug|x64.ActiveCfg = Debug|x64
		{C9C4F0B9-A710-434B-9819-B5F80FA82D4F}.Debug|x64.Build.0 = Debug|x64
		{C9C4F0B9-A710-434B-9819-B5F80FA82D4F}.Debug|x86.ActiveCfg = Debug|Win32
		{C9C4F0B9-A710-434B-9819-B5F80FA82D4F}.Debug|x86.Build.0 = Debug|Win32
		{C9C4F0B9-A710-434B-9819-B5F80FA82D4F}.Release|x64.ActiveCfg = Release|x64
		{C9C4F0B9-A710-434B-9819-B5F80FA82D4F}.Release|x64.Build.0 = Release|x64
		{C9C4F0B9-A710-434B-9819-B5F80FA82D4F}.Release|x86.ActiveCfg = Release|Win32
		{C9C4F0B9-A710-434B-9819-B5F80FA82D4F}.Release|x86.Build.0 = Release|Win32
	EndGlobalSection
	GlobalSection(SolutionProperties) = preSolution
		HideSolutionNode = FALSE
	EndGlobalSection
	GlobalSection(NestedProjects) = preSolution
		{FA602E13-E865-461B-92F9-BDE508AABAC5} = {18C74EE3-C4F0-4242-A840-88C25C416B9C}
		{8FF7199F-564A-4469-85E1-510E334382C5} = {76265B3E-D45C-4276-A8B1-DB08D02A3440}
		{C9C4F0B9-A710-434B-9819-B5F80FA82D4F} = {7BEA418D-0E92-4399-93E3-A00D85A36753}
	EndGlobalSection
	GlobalSection(ExtensibilityGlobals) = postSolution
		SolutionGuid = {BA807611-4029-476C-883F-8E91910640A9}
	EndGlobalSection
EndGlobal
