
Microsoft Visual Studio Solution File, Format Version 12.00
# Visual Studio Version 16
VisualStudioVersion = 16.0.32630.194
MinimumVisualStudioVersion = 10.0.40219.1
Project("{8BC9CEB8-8B4A-11D0-8D11-00A0C91BC942}") = "Q_10926", "Q_10926.vcxproj", "{38397ACF-3CDE-4A45-9DF0-371F051AE7D9}"
EndProject
Project("{8BC9CEB8-8B4A-11D0-8D11-00A0C91BC942}") = "Q_18108", "..\Q_18108\Q_18108.vcxproj", "{16D974BE-93F5-4BA8-8AEB-047BF2CE36D4}"
EndProject
Project("{8BC9CEB8-8B4A-11D0-8D11-00A0C91BC942}") = "Q_10430", "..\Q_10430\Q_10430.vcxproj", "{7A2C9CD7-9953-413C-B0A8-F544448E999A}"
EndProject
Project("{8BC9CEB8-8B4A-11D0-8D11-00A0C91BC942}") = "Q_2588", "..\Q_2588\Q_2588.vcxproj", "{BD48724C-56D5-4659-87BC-5552567D8CD6}"
EndProject
Project("{8BC9CEB8-8B4A-11D0-8D11-00A0C91BC942}") = "Q_11382", "..\Q_11382\Q_11382.vcxproj", "{19CCB51A-0C93-4D65-9ADD-9F38043053B9}"
EndProject
Project("{8BC9CEB8-8B4A-11D0-8D11-00A0C91BC942}") = "Q_10171", "..\Q_10171\Q_10171.vcxproj", "{134FB605-B7CD-4EE2-A74A-F266F39C1F74}"
EndProject
Project("{8BC9CEB8-8B4A-11D0-8D11-00A0C91BC942}") = "Q_10172", "..\Q_10172\Q_10172.vcxproj", "{A92E1B10-87BC-4D65-B73F-EEBD08E1DC30}"
EndProject
Global
	GlobalSection(SolutionConfigurationPlatforms) = preSolution
		Debug|x64 = Debug|x64
		Debug|x86 = Debug|x86
		Release|x64 = Release|x64
		Release|x86 = Release|x86
	EndGlobalSection
	GlobalSection(ProjectConfigurationPlatforms) = postSolution
		{38397ACF-3CDE-4A45-9DF0-371F051AE7D9}.Debug|x64.ActiveCfg = Debug|x64
		{38397ACF-3CDE-4A45-9DF0-371F051AE7D9}.Debug|x64.Build.0 = Debug|x64
		{38397ACF-3CDE-4A45-9DF0-371F051AE7D9}.Debug|x86.ActiveCfg = Debug|Win32
		{38397ACF-3CDE-4A45-9DF0-371F051AE7D9}.Debug|x86.Build.0 = Debug|Win32
		{38397ACF-3CDE-4A45-9DF0-371F051AE7D9}.Release|x64.ActiveCfg = Release|x64
		{38397ACF-3CDE-4A45-9DF0-371F051AE7D9}.Release|x64.Build.0 = Release|x64
		{38397ACF-3CDE-4A45-9DF0-371F051AE7D9}.Release|x86.ActiveCfg = Release|Win32
		{38397ACF-3CDE-4A45-9DF0-371F051AE7D9}.Release|x86.Build.0 = Release|Win32
		{16D974BE-93F5-4BA8-8AEB-047BF2CE36D4}.Debug|x64.ActiveCfg = Debug|x64
		{16D974BE-93F5-4BA8-8AEB-047BF2CE36D4}.Debug|x64.Build.0 = Debug|x64
		{16D974BE-93F5-4BA8-8AEB-047BF2CE36D4}.Debug|x86.ActiveCfg = Debug|Win32
		{16D974BE-93F5-4BA8-8AEB-047BF2CE36D4}.Debug|x86.Build.0 = Debug|Win32
		{16D974BE-93F5-4BA8-8AEB-047BF2CE36D4}.Release|x64.ActiveCfg = Release|x64
		{16D974BE-93F5-4BA8-8AEB-047BF2CE36D4}.Release|x64.Build.0 = Release|x64
		{16D974BE-93F5-4BA8-8AEB-047BF2CE36D4}.Release|x86.ActiveCfg = Release|Win32
		{16D974BE-93F5-4BA8-8AEB-047BF2CE36D4}.Release|x86.Build.0 = Release|Win32
		{7A2C9CD7-9953-413C-B0A8-F544448E999A}.Debug|x64.ActiveCfg = Debug|x64
		{7A2C9CD7-9953-413C-B0A8-F544448E999A}.Debug|x64.Build.0 = Debug|x64
		{7A2C9CD7-9953-413C-B0A8-F544448E999A}.Debug|x86.ActiveCfg = Debug|Win32
		{7A2C9CD7-9953-413C-B0A8-F544448E999A}.Debug|x86.Build.0 = Debug|Win32
		{7A2C9CD7-9953-413C-B0A8-F544448E999A}.Release|x64.ActiveCfg = Release|x64
		{7A2C9CD7-9953-413C-B0A8-F544448E999A}.Release|x64.Build.0 = Release|x64
		{7A2C9CD7-9953-413C-B0A8-F544448E999A}.Release|x86.ActiveCfg = Release|Win32
		{7A2C9CD7-9953-413C-B0A8-F544448E999A}.Release|x86.Build.0 = Release|Win32
		{BD48724C-56D5-4659-87BC-5552567D8CD6}.Debug|x64.ActiveCfg = Debug|x64
		{BD48724C-56D5-4659-87BC-5552567D8CD6}.Debug|x64.Build.0 = Debug|x64
		{BD48724C-56D5-4659-87BC-5552567D8CD6}.Debug|x86.ActiveCfg = Debug|Win32
		{BD48724C-56D5-4659-87BC-5552567D8CD6}.Debug|x86.Build.0 = Debug|Win32
		{BD48724C-56D5-4659-87BC-5552567D8CD6}.Release|x64.ActiveCfg = Release|x64
		{BD48724C-56D5-4659-87BC-5552567D8CD6}.Release|x64.Build.0 = Release|x64
		{BD48724C-56D5-4659-87BC-5552567D8CD6}.Release|x86.ActiveCfg = Release|Win32
		{BD48724C-56D5-4659-87BC-5552567D8CD6}.Release|x86.Build.0 = Release|Win32
		{19CCB51A-0C93-4D65-9ADD-9F38043053B9}.Debug|x64.ActiveCfg = Debug|x64
		{19CCB51A-0C93-4D65-9ADD-9F38043053B9}.Debug|x64.Build.0 = Debug|x64
		{19CCB51A-0C93-4D65-9ADD-9F38043053B9}.Debug|x86.ActiveCfg = Debug|Win32
		{19CCB51A-0C93-4D65-9ADD-9F38043053B9}.Debug|x86.Build.0 = Debug|Win32
		{19CCB51A-0C93-4D65-9ADD-9F38043053B9}.Release|x64.ActiveCfg = Release|x64
		{19CCB51A-0C93-4D65-9ADD-9F38043053B9}.Release|x64.Build.0 = Release|x64
		{19CCB51A-0C93-4D65-9ADD-9F38043053B9}.Release|x86.ActiveCfg = Release|Win32
		{19CCB51A-0C93-4D65-9ADD-9F38043053B9}.Release|x86.Build.0 = Release|Win32
		{134FB605-B7CD-4EE2-A74A-F266F39C1F74}.Debug|x64.ActiveCfg = Debug|x64
		{134FB605-B7CD-4EE2-A74A-F266F39C1F74}.Debug|x64.Build.0 = Debug|x64
		{134FB605-B7CD-4EE2-A74A-F266F39C1F74}.Debug|x86.ActiveCfg = Debug|Win32
		{134FB605-B7CD-4EE2-A74A-F266F39C1F74}.Debug|x86.Build.0 = Debug|Win32
		{134FB605-B7CD-4EE2-A74A-F266F39C1F74}.Release|x64.ActiveCfg = Release|x64
		{134FB605-B7CD-4EE2-A74A-F266F39C1F74}.Release|x64.Build.0 = Release|x64
		{134FB605-B7CD-4EE2-A74A-F266F39C1F74}.Release|x86.ActiveCfg = Release|Win32
		{134FB605-B7CD-4EE2-A74A-F266F39C1F74}.Release|x86.Build.0 = Release|Win32
		{A92E1B10-87BC-4D65-B73F-EEBD08E1DC30}.Debug|x64.ActiveCfg = Debug|x64
		{A92E1B10-87BC-4D65-B73F-EEBD08E1DC30}.Debug|x64.Build.0 = Debug|x64
		{A92E1B10-87BC-4D65-B73F-EEBD08E1DC30}.Debug|x86.ActiveCfg = Debug|Win32
		{A92E1B10-87BC-4D65-B73F-EEBD08E1DC30}.Debug|x86.Build.0 = Debug|Win32
		{A92E1B10-87BC-4D65-B73F-EEBD08E1DC30}.Release|x64.ActiveCfg = Release|x64
		{A92E1B10-87BC-4D65-B73F-EEBD08E1DC30}.Release|x64.Build.0 = Release|x64
		{A92E1B10-87BC-4D65-B73F-EEBD08E1DC30}.Release|x86.ActiveCfg = Release|Win32
		{A92E1B10-87BC-4D65-B73F-EEBD08E1DC30}.Release|x86.Build.0 = Release|Win32
	EndGlobalSection
	GlobalSection(SolutionProperties) = preSolution
		HideSolutionNode = FALSE
	EndGlobalSection
	GlobalSection(ExtensibilityGlobals) = postSolution
		SolutionGuid = {F6055AD3-F2B4-488D-AE79-6E1841C0C0AB}
	EndGlobalSection
EndGlobal
